
Microsoft Visual Studio Solution File, Format Version 12.00
# Visual Studio Version 17
VisualStudioVersion = 17.11.35312.102
MinimumVisualStudioVersion = 10.0.40219.1
Project("{9A19103F-16F7-4668-BE54-9A1E7A4F7556}") = "TechShop", "Task1\TechShop.csproj", "{F059FD7E-5FC5-4F64-BEC6-2BC05358CA05}"
EndProject
Global
	GlobalSection(SolutionConfigurationPlatforms) = preSolution
		Debug|Any CPU = Debug|Any CPU
		Release|Any CPU = Release|Any CPU
	EndGlobalSection
	GlobalSection(ProjectConfigurationPlatforms) = postSolution
		{F059FD7E-5FC5-4F64-BEC6-2BC05358CA05}.Debug|Any CPU.ActiveCfg = Debug|Any CPU
		{F059FD7E-5FC5-4F64-BEC6-2BC05358CA05}.Debug|Any CPU.Build.0 = Debug|Any CPU
		{F059FD7E-5FC5-4F64-BEC6-2BC05358CA05}.Release|Any CPU.ActiveCfg = Release|Any CPU
		{F059FD7E-5FC5-4F64-BEC6-2BC05358CA05}.Release|Any CPU.Build.0 = Release|Any CPU
	EndGlobalSection
	GlobalSection(SolutionProperties) = preSolution
		HideSolutionNode = FALSE
	EndGlobalSection
	GlobalSection(ExtensibilityGlobals) = postSolution
		SolutionGuid = {B4FC35AA-6CB2-4DB3-948C-3625A3608B2B}
	EndGlobalSection
EndGlobal
